<?xml version="1.0" encoding="utf-8"?>
<Project ToolsVersion="4.0" xmlns="http://schemas.microsoft.com/developer/msbuild/2003">
  <ItemGroup>
    <Filter Include="Source Files">
      <UniqueIdentifier>{4FC737F1-C7A5-4376-A066-2A32D752A2FF}</UniqueIdentifier>
      <Extensions>cpp;c;cc;cxx;def;odl;idl;hpj;bat;asm;asmx</Extensions>
    </Filter>
    <Filter Include="Header Files">
      <UniqueIdentifier>{93995380-89BD-4b04-88EB-625FBE52EBFB}</UniqueIdentifier>
      <Extensions>h;hh;hpp;hxx;hm;inl;inc;ipp;xsd</Extensions>
    </Filter>
  </ItemGroup>
  <ItemGroup>
    <ClInclude Include="stdafx.h">
      <Filter>Header Files</Filter>
    </ClInclude>
    <ClInclude Include="targetver.h">
      <Filter>Header Files</Filter>
    </ClInclude>
    <ClInclude Include="SfmathVertices.h">
      <Filter>Header Files</Filter>
    </ClInclude>
    <ClInclude Include="CSfmathVector3.h">
      <Filter>Header Files</Filter>
    </ClInclude>
    <ClInclude Include="CSfmathMatrix.h">
      <Filter>Header Files</Filter>
    </ClInclude>
    <ClInclude Include="CSfmathTransform.h">
      <Filter>Header Files</Filter>
    </ClInclude>
    <ClInclude Include="CSfmathVector4.h">
      <Filter>Header Files</Filter>
    </ClInclude>
    <ClInclude Include="CSfmathQuaternion.h">
      <Filter>Header Files</Filter>
    </ClInclude>
    <ClInclude Include="Export.h">
      <Filter>Header Files</Filter>
    </ClInclude>
  </ItemGroup>
  <ItemGroup>
    <ClCompile Include="stdafx.cpp">
      <Filter>Source Files</Filter>
    </ClCompile>
    <ClCompile Include="Maths.cpp">
      <Filter>Source Files</Filter>
    </ClCompile>
    <ClCompile Include="dllmain.cpp">
      <Filter>Source Files</Filter>
    </ClCompile>
    <ClCompile Include="CSfmathVector3.cpp">
      <Filter>Source Files</Filter>
    </ClCompile>
    <ClCompile Include="CSfmathMatrix.cpp">
      <Filter>Source Files</Filter>
    </ClCompile>
    <ClCompile Include="CSfmathVector4.cpp">
      <Filter>Source Files</Filter>
    </ClCompile>
    <ClCompile Include="CSfmathTransform.cpp">
      <Filter>Source Files</Filter>
    </ClCompile>
    <ClCompile Include="CSfmathQuaternion.cpp">
      <Filter>Source Files</Filter>
    </ClCompile>
  </ItemGroup>
</Project>